
Microsoft Visual Studio Solution File, Format Version 12.00
# Visual Studio Version 17
VisualStudioVersion = 17.4.33110.190
MinimumVisualStudioVersion = 10.0.40219.1
Project("{FAE04EC0-301F-11D3-BF4B-00C04F79EFBC}") = "CarvedYu", "CarvedYu.csproj", "{6A51144E-DEBC-4CB7-8A91-E7D08DC2AEC0}"
EndProject
Global
	GlobalSection(SolutionConfigurationPlatforms) = preSolution
		Debug|Any CPU = Debug|Any CPU
		Release|Any CPU = Release|Any CPU
	EndGlobalSection
	GlobalSection(ProjectConfigurationPlatforms) = postSolution
		{6A51144E-DEBC-4CB7-8A91-E7D08DC2AEC0}.Debug|Any CPU.ActiveCfg = Debug|Any CPU
		{6A51144E-DEBC-4CB7-8A91-E7D08DC2AEC0}.Debug|Any CPU.Build.0 = Debug|Any CPU
		{6A51144E-DEBC-4CB7-8A91-E7D08DC2AEC0}.Release|Any CPU.ActiveCfg = Release|Any CPU
		{6A51144E-DEBC-4CB7-8A91-E7D08DC2AEC0}.Release|Any CPU.Build.0 = Release|Any CPU
	EndGlobalSection
	GlobalSection(SolutionProperties) = preSolution
		HideSolutionNode = FALSE
	EndGlobalSection
	GlobalSection(ExtensibilityGlobals) = postSolution
		SolutionGuid = {5CFDE62A-9DAD-4FB8-AE96-9BF3FFB41041}
	EndGlobalSection
EndGlobal
